
Microsoft Visual Studio Solution File, Format Version 12.00
# Visual Studio 15
VisualStudioVersion = 15.0.26730.16
MinimumVisualStudioVersion = 10.0.40219.1
Project("{FAE04EC0-301F-11D3-BF4B-00C04F79EFBC}") = "ShopAssisst", "ShopAssisst\ShopAssisst.csproj", "{C002B8E7-C68F-41E0-8B14-32AAB9C1CD98}"
EndProject
Global
	GlobalSection(SolutionConfigurationPlatforms) = preSolution
		Debug|Any CPU = Debug|Any CPU
		Release|Any CPU = Release|Any CPU
	EndGlobalSection
	GlobalSection(ProjectConfigurationPlatforms) = postSolution
		{C002B8E7-C68F-41E0-8B14-32AAB9C1CD98}.Debug|Any CPU.ActiveCfg = Debug|Any CPU
		{C002B8E7-C68F-41E0-8B14-32AAB9C1CD98}.Debug|Any CPU.Build.0 = Debug|Any CPU
		{C002B8E7-C68F-41E0-8B14-32AAB9C1CD98}.Release|Any CPU.ActiveCfg = Release|Any CPU
		{C002B8E7-C68F-41E0-8B14-32AAB9C1CD98}.Release|Any CPU.Build.0 = Release|Any CPU
	EndGlobalSection
	GlobalSection(SolutionProperties) = preSolution
		HideSolutionNode = FALSE
	EndGlobalSection
	GlobalSection(ExtensibilityGlobals) = postSolution
		SolutionGuid = {AD0E4821-AF73-409C-BC3B-CD76FF21F1C8}
	EndGlobalSection
EndGlobal
